
Microsoft Visual Studio Solution File, Format Version 12.00
# Visual Studio 14
VisualStudioVersion = 14.0.25123.0
MinimumVisualStudioVersion = 10.0.40219.1
Project("{FAE04EC0-301F-11D3-BF4B-00C04F79EFBC}") = "wxBot", "wxBot\wxBot.csproj", "{A624EDC9-5D2E-4E5A-9773-BABD0058BA65}"
EndProject
Project("{FAE04EC0-301F-11D3-BF4B-00C04F79EFBC}") = "WinForm", "WinForm\WinForm.csproj", "{D18ABD6F-1428-45E9-922A-88A64396A14F}"
EndProject
Global
	GlobalSection(SolutionConfigurationPlatforms) = preSolution
		Debug|Any CPU = Debug|Any CPU
		Release|Any CPU = Release|Any CPU
	EndGlobalSection
	GlobalSection(ProjectConfigurationPlatforms) = postSolution
		{A624EDC9-5D2E-4E5A-9773-BABD0058BA65}.Debug|Any CPU.ActiveCfg = Debug|Any CPU
		{A624EDC9-5D2E-4E5A-9773-BABD0058BA65}.Debug|Any CPU.Build.0 = Debug|Any CPU
		{A624EDC9-5D2E-4E5A-9773-BABD0058BA65}.Release|Any CPU.ActiveCfg = Release|Any CPU
		{A624EDC9-5D2E-4E5A-9773-BABD0058BA65}.Release|Any CPU.Build.0 = Release|Any CPU
		{D18ABD6F-1428-45E9-922A-88A64396A14F}.Debug|Any CPU.ActiveCfg = Debug|Any CPU
		{D18ABD6F-1428-45E9-922A-88A64396A14F}.Debug|Any CPU.Build.0 = Debug|Any CPU
		{D18ABD6F-1428-45E9-922A-88A64396A14F}.Release|Any CPU.ActiveCfg = Release|Any CPU
		{D18ABD6F-1428-45E9-922A-88A64396A14F}.Release|Any CPU.Build.0 = Release|Any CPU
	EndGlobalSection
	GlobalSection(SolutionProperties) = preSolution
		HideSolutionNode = FALSE
	EndGlobalSection
EndGlobal
