
Microsoft Visual Studio Solution File, Format Version 12.00
# Visual Studio 14
VisualStudioVersion = 14.0.25123.0
MinimumVisualStudioVersion = 10.0.40219.1
Project("{2150E333-8FDC-42A3-9474-1A3956D46DE8}") = "Web", "Web", "{2198B004-43CB-4A1F-B2C7-8E317B9DC32C}"
EndProject
Project("{2150E333-8FDC-42A3-9474-1A3956D46DE8}") = "Rbt", "Rbt", "{1F86ECD7-D7AF-4738-B493-D36FCA086CA1}"
EndProject
Project("{FAE04EC0-301F-11D3-BF4B-00C04F79EFBC}") = "X.Core", "Core\X.Core.csproj", "{9364F44B-C253-4A46-A86B-F9248325543D}"
EndProject
Project("{FAE04EC0-301F-11D3-BF4B-00C04F79EFBC}") = "X.Data", "Rbt\Data\X.Data.csproj", "{AAB73D4E-97AC-45C8-8E33-FD4C975F330A}"
EndProject
Project("{FAE04EC0-301F-11D3-BF4B-00C04F79EFBC}") = "X.Web", "Web\X.Web\X.Web.csproj", "{6E4653A5-1350-4FB0-A52E-4FDE25AE8EC9}"
EndProject
Project("{2150E333-8FDC-42A3-9474-1A3956D46DE8}") = "Apps", "Apps", "{8E2B40E9-7791-4830-A938-D92B724AFBBE}"
EndProject
Project("{2150E333-8FDC-42A3-9474-1A3956D46DE8}") = "Mgr", "Mgr", "{EA4236A8-AD27-40D8-8A71-4256ECC28EB0}"
EndProject
Project("{2150E333-8FDC-42A3-9474-1A3956D46DE8}") = "User", "User", "{97F399A0-A7EE-4BD7-ADF1-BCBCBD1BD506}"
EndProject
Project("{FAE04EC0-301F-11D3-BF4B-00C04F79EFBC}") = "X.Ui", "Web\Mgr\X.Ui\X.Ui.csproj", "{B5F60DE6-01FA-465A-88D3-F0A00B584E67}"
EndProject
Project("{FAE04EC0-301F-11D3-BF4B-00C04F79EFBC}") = "X.App", "Web\Mgr\X.App\X.App.csproj", "{ADC0CBC2-A3E9-45F7-96EA-59B8055B07C0}"
EndProject
Project("{FAE04EC0-301F-11D3-BF4B-00C04F79EFBC}") = "X.App", "Web\User\X.App\X.App.csproj", "{0A949169-01F8-47F3-88C0-C52B317AA82B}"
EndProject
Project("{FAE04EC0-301F-11D3-BF4B-00C04F79EFBC}") = "X.Ui", "Web\User\X.Ui\X.Ui.csproj", "{9585403E-0E76-4BFA-88BF-034FCC27EF3D}"
EndProject
Project("{FAE04EC0-301F-11D3-BF4B-00C04F79EFBC}") = "X.Svr", "Rbt\Svr\X.Svr.csproj", "{32AAF65E-CC2E-4B9F-91DD-B2EC33EC06A9}"
EndProject
Global
	GlobalSection(SolutionConfigurationPlatforms) = preSolution
		Debug|Any CPU = Debug|Any CPU
		Release|Any CPU = Release|Any CPU
	EndGlobalSection
	GlobalSection(ProjectConfigurationPlatforms) = postSolution
		{9364F44B-C253-4A46-A86B-F9248325543D}.Debug|Any CPU.ActiveCfg = Debug|Any CPU
		{9364F44B-C253-4A46-A86B-F9248325543D}.Debug|Any CPU.Build.0 = Debug|Any CPU
		{9364F44B-C253-4A46-A86B-F9248325543D}.Release|Any CPU.ActiveCfg = Release|Any CPU
		{9364F44B-C253-4A46-A86B-F9248325543D}.Release|Any CPU.Build.0 = Release|Any CPU
		{AAB73D4E-97AC-45C8-8E33-FD4C975F330A}.Debug|Any CPU.ActiveCfg = Debug|Any CPU
		{AAB73D4E-97AC-45C8-8E33-FD4C975F330A}.Debug|Any CPU.Build.0 = Debug|Any CPU
		{AAB73D4E-97AC-45C8-8E33-FD4C975F330A}.Release|Any CPU.ActiveCfg = Release|Any CPU
		{AAB73D4E-97AC-45C8-8E33-FD4C975F330A}.Release|Any CPU.Build.0 = Release|Any CPU
		{6E4653A5-1350-4FB0-A52E-4FDE25AE8EC9}.Debug|Any CPU.ActiveCfg = Debug|Any CPU
		{6E4653A5-1350-4FB0-A52E-4FDE25AE8EC9}.Debug|Any CPU.Build.0 = Debug|Any CPU
		{6E4653A5-1350-4FB0-A52E-4FDE25AE8EC9}.Release|Any CPU.ActiveCfg = Release|Any CPU
		{6E4653A5-1350-4FB0-A52E-4FDE25AE8EC9}.Release|Any CPU.Build.0 = Release|Any CPU
		{B5F60DE6-01FA-465A-88D3-F0A00B584E67}.Debug|Any CPU.ActiveCfg = Debug|Any CPU
		{B5F60DE6-01FA-465A-88D3-F0A00B584E67}.Debug|Any CPU.Build.0 = Debug|Any CPU
		{B5F60DE6-01FA-465A-88D3-F0A00B584E67}.Release|Any CPU.ActiveCfg = Release|Any CPU
		{B5F60DE6-01FA-465A-88D3-F0A00B584E67}.Release|Any CPU.Build.0 = Release|Any CPU
		{ADC0CBC2-A3E9-45F7-96EA-59B8055B07C0}.Debug|Any CPU.ActiveCfg = Debug|Any CPU
		{ADC0CBC2-A3E9-45F7-96EA-59B8055B07C0}.Debug|Any CPU.Build.0 = Debug|Any CPU
		{ADC0CBC2-A3E9-45F7-96EA-59B8055B07C0}.Release|Any CPU.ActiveCfg = Release|Any CPU
		{ADC0CBC2-A3E9-45F7-96EA-59B8055B07C0}.Release|Any CPU.Build.0 = Release|Any CPU
		{0A949169-01F8-47F3-88C0-C52B317AA82B}.Debug|Any CPU.ActiveCfg = Debug|Any CPU
		{0A949169-01F8-47F3-88C0-C52B317AA82B}.Debug|Any CPU.Build.0 = Debug|Any CPU
		{0A949169-01F8-47F3-88C0-C52B317AA82B}.Release|Any CPU.ActiveCfg = Release|Any CPU
		{0A949169-01F8-47F3-88C0-C52B317AA82B}.Release|Any CPU.Build.0 = Release|Any CPU
		{9585403E-0E76-4BFA-88BF-034FCC27EF3D}.Debug|Any CPU.ActiveCfg = Debug|Any CPU
		{9585403E-0E76-4BFA-88BF-034FCC27EF3D}.Debug|Any CPU.Build.0 = Debug|Any CPU
		{9585403E-0E76-4BFA-88BF-034FCC27EF3D}.Release|Any CPU.ActiveCfg = Release|Any CPU
		{9585403E-0E76-4BFA-88BF-034FCC27EF3D}.Release|Any CPU.Build.0 = Release|Any CPU
		{32AAF65E-CC2E-4B9F-91DD-B2EC33EC06A9}.Debug|Any CPU.ActiveCfg = Debug|Any CPU
		{32AAF65E-CC2E-4B9F-91DD-B2EC33EC06A9}.Debug|Any CPU.Build.0 = Debug|Any CPU
		{32AAF65E-CC2E-4B9F-91DD-B2EC33EC06A9}.Release|Any CPU.ActiveCfg = Release|Any CPU
		{32AAF65E-CC2E-4B9F-91DD-B2EC33EC06A9}.Release|Any CPU.Build.0 = Release|Any CPU
	EndGlobalSection
	GlobalSection(SolutionProperties) = preSolution
		HideSolutionNode = FALSE
	EndGlobalSection
	GlobalSection(NestedProjects) = preSolution
		{AAB73D4E-97AC-45C8-8E33-FD4C975F330A} = {1F86ECD7-D7AF-4738-B493-D36FCA086CA1}
		{6E4653A5-1350-4FB0-A52E-4FDE25AE8EC9} = {2198B004-43CB-4A1F-B2C7-8E317B9DC32C}
		{8E2B40E9-7791-4830-A938-D92B724AFBBE} = {2198B004-43CB-4A1F-B2C7-8E317B9DC32C}
		{EA4236A8-AD27-40D8-8A71-4256ECC28EB0} = {2198B004-43CB-4A1F-B2C7-8E317B9DC32C}
		{97F399A0-A7EE-4BD7-ADF1-BCBCBD1BD506} = {2198B004-43CB-4A1F-B2C7-8E317B9DC32C}
		{B5F60DE6-01FA-465A-88D3-F0A00B584E67} = {EA4236A8-AD27-40D8-8A71-4256ECC28EB0}
		{ADC0CBC2-A3E9-45F7-96EA-59B8055B07C0} = {EA4236A8-AD27-40D8-8A71-4256ECC28EB0}
		{0A949169-01F8-47F3-88C0-C52B317AA82B} = {97F399A0-A7EE-4BD7-ADF1-BCBCBD1BD506}
		{9585403E-0E76-4BFA-88BF-034FCC27EF3D} = {97F399A0-A7EE-4BD7-ADF1-BCBCBD1BD506}
		{32AAF65E-CC2E-4B9F-91DD-B2EC33EC06A9} = {1F86ECD7-D7AF-4738-B493-D36FCA086CA1}
	EndGlobalSection
EndGlobal
