
Microsoft Visual Studio Solution File, Format Version 12.00
# Visual Studio 14
VisualStudioVersion = 14.0.25420.1
MinimumVisualStudioVersion = 10.0.40219.1
Project("{2150E333-8FDC-42A3-9474-1A3956D46DE8}") = "Web", "Web", "{2198B004-43CB-4A1F-B2C7-8E317B9DC32C}"
EndProject
Project("{2150E333-8FDC-42A3-9474-1A3956D46DE8}") = "Rbt", "Rbt", "{1F86ECD7-D7AF-4738-B493-D36FCA086CA1}"
EndProject
Project("{FAE04EC0-301F-11D3-BF4B-00C04F79EFBC}") = "X.Core", "Core\X.Core.csproj", "{9364F44B-C253-4A46-A86B-F9248325543D}"
EndProject
Project("{FAE04EC0-301F-11D3-BF4B-00C04F79EFBC}") = "X.Web", "Web\X.Web\X.Web.csproj", "{6E4653A5-1350-4FB0-A52E-4FDE25AE8EC9}"
EndProject
Project("{2150E333-8FDC-42A3-9474-1A3956D46DE8}") = "User", "User", "{97F399A0-A7EE-4BD7-ADF1-BCBCBD1BD506}"
EndProject
Project("{FAE04EC0-301F-11D3-BF4B-00C04F79EFBC}") = "X.App", "Web\User\X.App\X.App.csproj", "{0A949169-01F8-47F3-88C0-C52B317AA82B}"
EndProject
Project("{FAE04EC0-301F-11D3-BF4B-00C04F79EFBC}") = "X.Ui", "Web\User\X.Ui\X.Ui.csproj", "{9585403E-0E76-4BFA-88BF-034FCC27EF3D}"
EndProject
Project("{FAE04EC0-301F-11D3-BF4B-00C04F79EFBC}") = "UnitTest", "UnitTest\UnitTest.csproj", "{9F1F0A2A-908F-47D0-B676-C9B68E383419}"
EndProject
Project("{FAE04EC0-301F-11D3-BF4B-00C04F79EFBC}") = "Test", "Test\Test.csproj", "{6C3705B3-2EB1-4DF5-A66E-FB6A39A24B08}"
EndProject
Project("{FAE04EC0-301F-11D3-BF4B-00C04F79EFBC}") = "X.Bot", "Rbt\X.Bot\X.Bot.csproj", "{40B08D95-924A-4915-8B55-663E439E6C58}"
EndProject
Project("{FAE04EC0-301F-11D3-BF4B-00C04F79EFBC}") = "X.Net", "Rbt\X.Net\X.Net.csproj", "{F7A04FB8-F06D-487A-91AD-8C875FF4E59E}"
EndProject
Project("{FAE04EC0-301F-11D3-BF4B-00C04F79EFBC}") = "X.Wc", "Rbt\X.Wc\X.Wc.csproj", "{7E943A7F-71D4-4CE3-9E83-A0A4952E6988}"
EndProject
Project("{FAE04EC0-301F-11D3-BF4B-00C04F79EFBC}") = "X.Wx", "Rbt\X.Wx\X.Wx.csproj", "{F25456CF-7B98-44EB-B139-D464E01E6C02}"
EndProject
Project("{FAE04EC0-301F-11D3-BF4B-00C04F79EFBC}") = "X.Data", "Web\Data\X.Data.csproj", "{AAB73D4E-97AC-45C8-8E33-FD4C975F330A}"
EndProject
Global
	GlobalSection(SolutionConfigurationPlatforms) = preSolution
		Debug|Any CPU = Debug|Any CPU
		Release|Any CPU = Release|Any CPU
	EndGlobalSection
	GlobalSection(ProjectConfigurationPlatforms) = postSolution
		{9364F44B-C253-4A46-A86B-F9248325543D}.Debug|Any CPU.ActiveCfg = Debug|Any CPU
		{9364F44B-C253-4A46-A86B-F9248325543D}.Debug|Any CPU.Build.0 = Debug|Any CPU
		{9364F44B-C253-4A46-A86B-F9248325543D}.Release|Any CPU.ActiveCfg = Release|Any CPU
		{9364F44B-C253-4A46-A86B-F9248325543D}.Release|Any CPU.Build.0 = Release|Any CPU
		{6E4653A5-1350-4FB0-A52E-4FDE25AE8EC9}.Debug|Any CPU.ActiveCfg = Debug|Any CPU
		{6E4653A5-1350-4FB0-A52E-4FDE25AE8EC9}.Debug|Any CPU.Build.0 = Debug|Any CPU
		{6E4653A5-1350-4FB0-A52E-4FDE25AE8EC9}.Release|Any CPU.ActiveCfg = Release|Any CPU
		{6E4653A5-1350-4FB0-A52E-4FDE25AE8EC9}.Release|Any CPU.Build.0 = Release|Any CPU
		{0A949169-01F8-47F3-88C0-C52B317AA82B}.Debug|Any CPU.ActiveCfg = Debug|Any CPU
		{0A949169-01F8-47F3-88C0-C52B317AA82B}.Debug|Any CPU.Build.0 = Debug|Any CPU
		{0A949169-01F8-47F3-88C0-C52B317AA82B}.Release|Any CPU.ActiveCfg = Release|Any CPU
		{0A949169-01F8-47F3-88C0-C52B317AA82B}.Release|Any CPU.Build.0 = Release|Any CPU
		{9585403E-0E76-4BFA-88BF-034FCC27EF3D}.Debug|Any CPU.ActiveCfg = Debug|Any CPU
		{9585403E-0E76-4BFA-88BF-034FCC27EF3D}.Debug|Any CPU.Build.0 = Debug|Any CPU
		{9585403E-0E76-4BFA-88BF-034FCC27EF3D}.Release|Any CPU.ActiveCfg = Release|Any CPU
		{9585403E-0E76-4BFA-88BF-034FCC27EF3D}.Release|Any CPU.Build.0 = Release|Any CPU
		{9F1F0A2A-908F-47D0-B676-C9B68E383419}.Debug|Any CPU.ActiveCfg = Debug|Any CPU
		{9F1F0A2A-908F-47D0-B676-C9B68E383419}.Debug|Any CPU.Build.0 = Debug|Any CPU
		{9F1F0A2A-908F-47D0-B676-C9B68E383419}.Release|Any CPU.ActiveCfg = Release|Any CPU
		{9F1F0A2A-908F-47D0-B676-C9B68E383419}.Release|Any CPU.Build.0 = Release|Any CPU
		{6C3705B3-2EB1-4DF5-A66E-FB6A39A24B08}.Debug|Any CPU.ActiveCfg = Debug|Any CPU
		{6C3705B3-2EB1-4DF5-A66E-FB6A39A24B08}.Debug|Any CPU.Build.0 = Debug|Any CPU
		{6C3705B3-2EB1-4DF5-A66E-FB6A39A24B08}.Release|Any CPU.ActiveCfg = Release|Any CPU
		{6C3705B3-2EB1-4DF5-A66E-FB6A39A24B08}.Release|Any CPU.Build.0 = Release|Any CPU
		{40B08D95-924A-4915-8B55-663E439E6C58}.Debug|Any CPU.ActiveCfg = Debug|Any CPU
		{40B08D95-924A-4915-8B55-663E439E6C58}.Debug|Any CPU.Build.0 = Debug|Any CPU
		{40B08D95-924A-4915-8B55-663E439E6C58}.Release|Any CPU.ActiveCfg = Release|Any CPU
		{40B08D95-924A-4915-8B55-663E439E6C58}.Release|Any CPU.Build.0 = Release|Any CPU
		{F7A04FB8-F06D-487A-91AD-8C875FF4E59E}.Debug|Any CPU.ActiveCfg = Debug|Any CPU
		{F7A04FB8-F06D-487A-91AD-8C875FF4E59E}.Debug|Any CPU.Build.0 = Debug|Any CPU
		{F7A04FB8-F06D-487A-91AD-8C875FF4E59E}.Release|Any CPU.ActiveCfg = Release|Any CPU
		{F7A04FB8-F06D-487A-91AD-8C875FF4E59E}.Release|Any CPU.Build.0 = Release|Any CPU
		{7E943A7F-71D4-4CE3-9E83-A0A4952E6988}.Debug|Any CPU.ActiveCfg = Debug|Any CPU
		{7E943A7F-71D4-4CE3-9E83-A0A4952E6988}.Debug|Any CPU.Build.0 = Debug|Any CPU
		{7E943A7F-71D4-4CE3-9E83-A0A4952E6988}.Release|Any CPU.ActiveCfg = Release|Any CPU
		{7E943A7F-71D4-4CE3-9E83-A0A4952E6988}.Release|Any CPU.Build.0 = Release|Any CPU
		{F25456CF-7B98-44EB-B139-D464E01E6C02}.Debug|Any CPU.ActiveCfg = Debug|Any CPU
		{F25456CF-7B98-44EB-B139-D464E01E6C02}.Debug|Any CPU.Build.0 = Debug|Any CPU
		{F25456CF-7B98-44EB-B139-D464E01E6C02}.Release|Any CPU.ActiveCfg = Release|Any CPU
		{F25456CF-7B98-44EB-B139-D464E01E6C02}.Release|Any CPU.Build.0 = Release|Any CPU
		{AAB73D4E-97AC-45C8-8E33-FD4C975F330A}.Debug|Any CPU.ActiveCfg = Debug|Any CPU
		{AAB73D4E-97AC-45C8-8E33-FD4C975F330A}.Debug|Any CPU.Build.0 = Debug|Any CPU
		{AAB73D4E-97AC-45C8-8E33-FD4C975F330A}.Release|Any CPU.ActiveCfg = Release|Any CPU
		{AAB73D4E-97AC-45C8-8E33-FD4C975F330A}.Release|Any CPU.Build.0 = Release|Any CPU
	EndGlobalSection
	GlobalSection(SolutionProperties) = preSolution
		HideSolutionNode = FALSE
	EndGlobalSection
	GlobalSection(NestedProjects) = preSolution
		{6E4653A5-1350-4FB0-A52E-4FDE25AE8EC9} = {2198B004-43CB-4A1F-B2C7-8E317B9DC32C}
		{97F399A0-A7EE-4BD7-ADF1-BCBCBD1BD506} = {2198B004-43CB-4A1F-B2C7-8E317B9DC32C}
		{0A949169-01F8-47F3-88C0-C52B317AA82B} = {97F399A0-A7EE-4BD7-ADF1-BCBCBD1BD506}
		{9585403E-0E76-4BFA-88BF-034FCC27EF3D} = {97F399A0-A7EE-4BD7-ADF1-BCBCBD1BD506}
		{40B08D95-924A-4915-8B55-663E439E6C58} = {1F86ECD7-D7AF-4738-B493-D36FCA086CA1}
		{F7A04FB8-F06D-487A-91AD-8C875FF4E59E} = {1F86ECD7-D7AF-4738-B493-D36FCA086CA1}
		{7E943A7F-71D4-4CE3-9E83-A0A4952E6988} = {1F86ECD7-D7AF-4738-B493-D36FCA086CA1}
		{F25456CF-7B98-44EB-B139-D464E01E6C02} = {1F86ECD7-D7AF-4738-B493-D36FCA086CA1}
		{AAB73D4E-97AC-45C8-8E33-FD4C975F330A} = {2198B004-43CB-4A1F-B2C7-8E317B9DC32C}
	EndGlobalSection
EndGlobal
